// !$*UTF8*$!
{
	archiveVersion = 1;
	classes = {
	};
	objectVersion = 56;
	objects = {

/* Begin PBXBuildFile section */
		AA000001 /* MissionControlApp.swift in Sources */ = {isa = PBXBuildFile; fileRef = AB000001; };
		AA000002 /* SceneDelegate.swift in Sources */ = {isa = PBXBuildFile; fileRef = AB000002; };
		AA000003 /* CarPlaySceneDelegate.swift in Sources */ = {isa = PBXBuildFile; fileRef = AB000003; };
		AA000004 /* HomeData.swift in Sources */ = {isa = PBXBuildFile; fileRef = AB000004; };
		AA000005 /* AlertData.swift in Sources */ = {isa = PBXBuildFile; fileRef = AB000005; };
		AA000006 /* ProjectData.swift in Sources */ = {isa = PBXBuildFile; fileRef = AB000006; };
		AA000007 /* AuthTokens.swift in Sources */ = {isa = PBXBuildFile; fileRef = AB000007; };
		AA000008 /* APIClient.swift in Sources */ = {isa = PBXBuildFile; fileRef = AB000008; };
		AA000009 /* AuthManager.swift in Sources */ = {isa = PBXBuildFile; fileRef = AB000009; };
		AA00000A /* Endpoints.swift in Sources */ = {isa = PBXBuildFile; fileRef = AB00000A; };
		AA00000B /* HomeTemplate.swift in Sources */ = {isa = PBXBuildFile; fileRef = AB00000B; };
		AA00000C /* AlertsTemplate.swift in Sources */ = {isa = PBXBuildFile; fileRef = AB00000C; };
		AA00000D /* ProjectTemplate.swift in Sources */ = {isa = PBXBuildFile; fileRef = AB00000D; };
		AA00000E /* TemplateManager.swift in Sources */ = {isa = PBXBuildFile; fileRef = AB00000E; };
		AA00000F /* TellRocketIntent.swift in Sources */ = {isa = PBXBuildFile; fileRef = AB00000F; };
		AA000010 /* WhatsBurningIntent.swift in Sources */ = {isa = PBXBuildFile; fileRef = AB000010; };
		AA000011 /* FleetStatusIntent.swift in Sources */ = {isa = PBXBuildFile; fileRef = AB000011; };
		AA000012 /* MissionControlShortcuts.swift in Sources */ = {isa = PBXBuildFile; fileRef = AB000012; };
		AA000013 /* ContentView.swift in Sources */ = {isa = PBXBuildFile; fileRef = AB000013; };
		AA000014 /* SetupView.swift in Sources */ = {isa = PBXBuildFile; fileRef = AB000014; };
		AA000015 /* HandoffView.swift in Sources */ = {isa = PBXBuildFile; fileRef = AB000015; };
		AA000016 /* Keychain.swift in Sources */ = {isa = PBXBuildFile; fileRef = AB000016; };
		AA000017 /* Assets.xcassets in Resources */ = {isa = PBXBuildFile; fileRef = AB000017; };
/* End PBXBuildFile section */

/* Begin PBXFileReference section */
		AB000000 /* MissionControlCarPlay.app */ = {isa = PBXFileReference; explicitFileType = wrapper.application; includeInIndex = 0; path = MissionControlCarPlay.app; sourceTree = BUILT_PRODUCTS_DIR; };
		AB000001 /* MissionControlApp.swift */ = {isa = PBXFileReference; lastKnownFileType = sourcecode.swift; path = MissionControlApp.swift; sourceTree = "<group>"; };
		AB000002 /* SceneDelegate.swift */ = {isa = PBXFileReference; lastKnownFileType = sourcecode.swift; path = SceneDelegate.swift; sourceTree = "<group>"; };
		AB000003 /* CarPlaySceneDelegate.swift */ = {isa = PBXFileReference; lastKnownFileType = sourcecode.swift; path = CarPlaySceneDelegate.swift; sourceTree = "<group>"; };
		AB000004 /* HomeData.swift */ = {isa = PBXFileReference; lastKnownFileType = sourcecode.swift; path = HomeData.swift; sourceTree = "<group>"; };
		AB000005 /* AlertData.swift */ = {isa = PBXFileReference; lastKnownFileType = sourcecode.swift; path = AlertData.swift; sourceTree = "<group>"; };
		AB000006 /* ProjectData.swift */ = {isa = PBXFileReference; lastKnownFileType = sourcecode.swift; path = ProjectData.swift; sourceTree = "<group>"; };
		AB000007 /* AuthTokens.swift */ = {isa = PBXFileReference; lastKnownFileType = sourcecode.swift; path = AuthTokens.swift; sourceTree = "<group>"; };
		AB000008 /* APIClient.swift */ = {isa = PBXFileReference; lastKnownFileType = sourcecode.swift; path = APIClient.swift; sourceTree = "<group>"; };
		AB000009 /* AuthManager.swift */ = {isa = PBXFileReference; lastKnownFileType = sourcecode.swift; path = AuthManager.swift; sourceTree = "<group>"; };
		AB00000A /* Endpoints.swift */ = {isa = PBXFileReference; lastKnownFileType = sourcecode.swift; path = Endpoints.swift; sourceTree = "<group>"; };
		AB00000B /* HomeTemplate.swift */ = {isa = PBXFileReference; lastKnownFileType = sourcecode.swift; path = HomeTemplate.swift; sourceTree = "<group>"; };
		AB00000C /* AlertsTemplate.swift */ = {isa = PBXFileReference; lastKnownFileType = sourcecode.swift; path = AlertsTemplate.swift; sourceTree = "<group>"; };
		AB00000D /* ProjectTemplate.swift */ = {isa = PBXFileReference; lastKnownFileType = sourcecode.swift; path = ProjectTemplate.swift; sourceTree = "<group>"; };
		AB00000E /* TemplateManager.swift */ = {isa = PBXFileReference; lastKnownFileType = sourcecode.swift; path = TemplateManager.swift; sourceTree = "<group>"; };
		AB00000F /* TellRocketIntent.swift */ = {isa = PBXFileReference; lastKnownFileType = sourcecode.swift; path = TellRocketIntent.swift; sourceTree = "<group>"; };
		AB000010 /* WhatsBurningIntent.swift */ = {isa = PBXFileReference; lastKnownFileType = sourcecode.swift; path = WhatsBurningIntent.swift; sourceTree = "<group>"; };
		AB000011 /* FleetStatusIntent.swift */ = {isa = PBXFileReference; lastKnownFileType = sourcecode.swift; path = FleetStatusIntent.swift; sourceTree = "<group>"; };
		AB000012 /* MissionControlShortcuts.swift */ = {isa = PBXFileReference; lastKnownFileType = sourcecode.swift; path = MissionControlShortcuts.swift; sourceTree = "<group>"; };
		AB000013 /* ContentView.swift */ = {isa = PBXFileReference; lastKnownFileType = sourcecode.swift; path = ContentView.swift; sourceTree = "<group>"; };
		AB000014 /* SetupView.swift */ = {isa = PBXFileReference; lastKnownFileType = sourcecode.swift; path = SetupView.swift; sourceTree = "<group>"; };
		AB000015 /* HandoffView.swift */ = {isa = PBXFileReference; lastKnownFileType = sourcecode.swift; path = HandoffView.swift; sourceTree = "<group>"; };
		AB000016 /* Keychain.swift */ = {isa = PBXFileReference; lastKnownFileType = sourcecode.swift; path = Keychain.swift; sourceTree = "<group>"; };
		AB000017 /* Assets.xcassets */ = {isa = PBXFileReference; lastKnownFileType = folder.assetcatalog; path = Assets.xcassets; sourceTree = "<group>"; };
		AB000018 /* Info.plist */ = {isa = PBXFileReference; lastKnownFileType = text.plist.xml; path = Info.plist; sourceTree = "<group>"; };
		AB000019 /* MissionControlCarPlay.entitlements */ = {isa = PBXFileReference; lastKnownFileType = text.plist.entitlements; path = MissionControlCarPlay.entitlements; sourceTree = "<group>"; };
/* End PBXFileReference section */

/* Begin PBXFrameworksBuildPhase section */
		AC000001 /* Frameworks */ = {
			isa = PBXFrameworksBuildPhase;
			buildActionMask = 2147483647;
			files = (
			);
			runOnlyForDeploymentPostprocessing = 0;
		};
/* End PBXFrameworksBuildPhase section */

/* Begin PBXGroup section */
		AD000000 = {
			isa = PBXGroup;
			children = (
				AD000001 /* MissionControlCarPlay */,
				AD00000F /* Products */,
			);
			sourceTree = "<group>";
		};
		AD000001 /* MissionControlCarPlay */ = {
			isa = PBXGroup;
			children = (
				AD000002 /* App */,
				AD000003 /* Models */,
				AD000004 /* Networking */,
				AD000005 /* CarPlay */,
				AD000006 /* Intents */,
				AD000007 /* Phone */,
				AD000008 /* Extensions */,
				AD000009 /* Resources */,
				AB000018 /* Info.plist */,
				AB000019 /* MissionControlCarPlay.entitlements */,
			);
			path = MissionControlCarPlay;
			sourceTree = "<group>";
		};
		AD000002 /* App */ = {
			isa = PBXGroup;
			children = (
				AB000001 /* MissionControlApp.swift */,
				AB000002 /* SceneDelegate.swift */,
				AB000003 /* CarPlaySceneDelegate.swift */,
			);
			path = App;
			sourceTree = "<group>";
		};
		AD000003 /* Models */ = {
			isa = PBXGroup;
			children = (
				AB000004 /* HomeData.swift */,
				AB000005 /* AlertData.swift */,
				AB000006 /* ProjectData.swift */,
				AB000007 /* AuthTokens.swift */,
			);
			path = Models;
			sourceTree = "<group>";
		};
		AD000004 /* Networking */ = {
			isa = PBXGroup;
			children = (
				AB000008 /* APIClient.swift */,
				AB000009 /* AuthManager.swift */,
				AB00000A /* Endpoints.swift */,
			);
			path = Networking;
			sourceTree = "<group>";
		};
		AD000005 /* CarPlay */ = {
			isa = PBXGroup;
			children = (
				AB00000B /* HomeTemplate.swift */,
				AB00000C /* AlertsTemplate.swift */,
				AB00000D /* ProjectTemplate.swift */,
				AB00000E /* TemplateManager.swift */,
			);
			path = CarPlay;
			sourceTree = "<group>";
		};
		AD000006 /* Intents */ = {
			isa = PBXGroup;
			children = (
				AB00000F /* TellRocketIntent.swift */,
				AB000010 /* WhatsBurningIntent.swift */,
				AB000011 /* FleetStatusIntent.swift */,
				AB000012 /* MissionControlShortcuts.swift */,
			);
			path = Intents;
			sourceTree = "<group>";
		};
		AD000007 /* Phone */ = {
			isa = PBXGroup;
			children = (
				AB000013 /* ContentView.swift */,
				AB000014 /* SetupView.swift */,
				AB000015 /* HandoffView.swift */,
			);
			path = Phone;
			sourceTree = "<group>";
		};
		AD000008 /* Extensions */ = {
			isa = PBXGroup;
			children = (
				AB000016 /* Keychain.swift */,
			);
			path = Extensions;
			sourceTree = "<group>";
		};
		AD000009 /* Resources */ = {
			isa = PBXGroup;
			children = (
				AB000017 /* Assets.xcassets */,
			);
			path = Resources;
			sourceTree = "<group>";
		};
		AD00000F /* Products */ = {
			isa = PBXGroup;
			children = (
				AB000000 /* MissionControlCarPlay.app */,
			);
			name = Products;
			sourceTree = "<group>";
		};
/* End PBXGroup section */

/* Begin PBXNativeTarget section */
		AE000001 /* MissionControlCarPlay */ = {
			isa = PBXNativeTarget;
			buildConfigurationList = AF000003 /* Build configuration list for PBXNativeTarget "MissionControlCarPlay" */;
			buildPhases = (
				AE000002 /* Sources */,
				AC000001 /* Frameworks */,
				AE000003 /* Resources */,
			);
			buildRules = (
			);
			dependencies = (
			);
			name = MissionControlCarPlay;
			productName = MissionControlCarPlay;
			productReference = AB000000 /* MissionControlCarPlay.app */;
			productType = "com.apple.product-type.application";
		};
/* End PBXNativeTarget section */

/* Begin PBXProject section */
		AE000000 /* Project object */ = {
			isa = PBXProject;
			attributes = {
				BuildIndependentTargetsInParallel = 1;
				LastSwiftUpdateCheck = 1540;
				LastUpgradeCheck = 1540;
				TargetAttributes = {
					AE000001 = {
						CreatedOnToolsVersion = 15.4;
					};
				};
			};
			buildConfigurationList = AF000001 /* Build configuration list for PBXProject "MissionControlCarPlay" */;
			compatibilityVersion = "Xcode 14.0";
			developmentRegion = en;
			hasScannedForEncodings = 0;
			knownRegions = (
				en,
				Base,
			);
			mainGroup = AD000000;
			productRefGroup = AD00000F /* Products */;
			projectDirPath = "";
			projectRoot = "";
			targets = (
				AE000001 /* MissionControlCarPlay */,
			);
		};
/* End PBXProject section */

/* Begin PBXResourcesBuildPhase section */
		AE000003 /* Resources */ = {
			isa = PBXResourcesBuildPhase;
			buildActionMask = 2147483647;
			files = (
				AA000017 /* Assets.xcassets in Resources */,
			);
			runOnlyForDeploymentPostprocessing = 0;
		};
/* End PBXResourcesBuildPhase section */

/* Begin PBXSourcesBuildPhase section */
		AE000002 /* Sources */ = {
			isa = PBXSourcesBuildPhase;
			buildActionMask = 2147483647;
			files = (
				AA000001 /* MissionControlApp.swift in Sources */,
				AA000002 /* SceneDelegate.swift in Sources */,
				AA000003 /* CarPlaySceneDelegate.swift in Sources */,
				AA000004 /* HomeData.swift in Sources */,
				AA000005 /* AlertData.swift in Sources */,
				AA000006 /* ProjectData.swift in Sources */,
				AA000007 /* AuthTokens.swift in Sources */,
				AA000008 /* APIClient.swift in Sources */,
				AA000009 /* AuthManager.swift in Sources */,
				AA00000A /* Endpoints.swift in Sources */,
				AA00000B /* HomeTemplate.swift in Sources */,
				AA00000C /* AlertsTemplate.swift in Sources */,
				AA00000D /* ProjectTemplate.swift in Sources */,
				AA00000E /* TemplateManager.swift in Sources */,
				AA00000F /* TellRocketIntent.swift in Sources */,
				AA000010 /* WhatsBurningIntent.swift in Sources */,
				AA000011 /* FleetStatusIntent.swift in Sources */,
				AA000012 /* MissionControlShortcuts.swift in Sources */,
				AA000013 /* ContentView.swift in Sources */,
				AA000014 /* SetupView.swift in Sources */,
				AA000015 /* HandoffView.swift in Sources */,
				AA000016 /* Keychain.swift in Sources */,
			);
			runOnlyForDeploymentPostprocessing = 0;
		};
/* End PBXSourcesBuildPhase section */

/* Begin XCBuildConfiguration section */
		AF000010 /* Debug */ = {
			isa = XCBuildConfiguration;
			buildSettings = {
				ALWAYS_SEARCH_USER_PATHS = NO;
				ASSETCATALOG_COMPILER_GENERATE_SWIFT_ASSET_SYMBOL_EXTENSIONS = YES;
				CLANG_ANALYZER_NONNULL = YES;
				CLANG_ANALYZER_NUMBER_OBJECT_CONVERSION = YES_AGGRESSIVE;
				CLANG_CXX_LANGUAGE_STANDARD = "gnu++20";
				CLANG_ENABLE_MODULES = YES;
				CLANG_ENABLE_OBJC_ARC = YES;
				CLANG_ENABLE_OBJC_WEAK = YES;
				CLANG_WARN_BLOCK_CAPTURE_AUTORELEASING = YES;
				CLANG_WARN_BOOL_CONVERSION = YES;
				CLANG_WARN_COMMA = YES;
				CLANG_WARN_CONSTANT_CONVERSION = YES;
				CLANG_WARN_DEPRECATED_OBJC_IMPLEMENTATIONS = YES;
				CLANG_WARN_DIRECT_OBJC_ISA_USAGE = YES_ERROR;
				CLANG_WARN_DOCUMENTATION_COMMENTS = YES;
				CLANG_WARN_EMPTY_BODY = YES;
				CLANG_WARN_ENUM_CONVERSION = YES;
				CLANG_WARN_INFINITE_RECURSION = YES;
				CLANG_WARN_INT_CONVERSION = YES;
				CLANG_WARN_NON_LITERAL_NULL_CONVERSION = YES;
				CLANG_WARN_OBJC_IMPLICIT_RETAIN_SELF = YES;
				CLANG_WARN_OBJC_LITERAL_CONVERSION = YES;
				CLANG_WARN_OBJC_ROOT_CLASS = YES_ERROR;
				CLANG_WARN_QUOTED_INCLUDE_IN_FRAMEWORK_HEADER = YES;
				CLANG_WARN_RANGE_LOOP_ANALYSIS = YES;
				CLANG_WARN_STRICT_PROTOTYPES = YES;
				CLANG_WARN_SUSPICIOUS_MOVE = YES;
				CLANG_WARN_UNGUARDED_AVAILABILITY = YES_AGGRESSIVE;
				CLANG_WARN_UNREACHABLE_CODE = YES;
				CLANG_WARN__DUPLICATE_METHOD_MATCH = YES;
				COPY_PHASE_STRIP = NO;
				DEBUG_INFORMATION_FORMAT = dwarf;
				ENABLE_STRICT_OBJC_MSGSEND = YES;
				ENABLE_TESTABILITY = YES;
				ENABLE_USER_SCRIPT_SANDBOXING = YES;
				GCC_C_LANGUAGE_STANDARD = gnu17;
				GCC_DYNAMIC_NO_PIC = NO;
				GCC_NO_COMMON_BLOCKS = YES;
				GCC_OPTIMIZATION_LEVEL = 0;
				GCC_PREPROCESSOR_DEFINITIONS = (
					"DEBUG=1",
					"$(inherited)",
				);
				GCC_WARN_64_TO_32_BIT_CONVERSION = YES;
				GCC_WARN_ABOUT_RETURN_TYPE = YES_ERROR;
				GCC_WARN_UNDECLARED_SELECTOR = YES;
				GCC_WARN_UNINITIALIZED_AUTOS = YES_AGGRESSIVE;
				GCC_WARN_UNUSED_FUNCTION = YES;
				GCC_WARN_UNUSED_VARIABLE = YES;
				IPHONEOS_DEPLOYMENT_TARGET = 16.0;
				MTL_ENABLE_DEBUG_INFO = INCLUDE_SOURCE;
				MTL_FAST_MATH = YES;
				ONLY_ACTIVE_ARCH = YES;
				SDKROOT = iphoneos;
				SWIFT_ACTIVE_COMPILATION_CONDITIONS = "$(inherited) DEBUG";
				SWIFT_OPTIMIZATION_LEVEL = "-Onone";
			};
			name = Debug;
		};
		AF000011 /* Release */ = {
			isa = XCBuildConfiguration;
			buildSettings = {
				ALWAYS_SEARCH_USER_PATHS = NO;
				ASSETCATALOG_COMPILER_GENERATE_SWIFT_ASSET_SYMBOL_EXTENSIONS = YES;
				CLANG_ANALYZER_NONNULL = YES;
				CLANG_ANALYZER_NUMBER_OBJECT_CONVERSION = YES_AGGRESSIVE;
				CLANG_CXX_LANGUAGE_STANDARD = "gnu++20";
				CLANG_ENABLE_MODULES = YES;
				CLANG_ENABLE_OBJC_ARC = YES;
				CLANG_ENABLE_OBJC_WEAK = YES;
				CLANG_WARN_BLOCK_CAPTURE_AUTORELEASING = YES;
				CLANG_WARN_BOOL_CONVERSION = YES;
				CLANG_WARN_COMMA = YES;
				CLANG_WARN_CONSTANT_CONVERSION = YES;
				CLANG_WARN_DEPRECATED_OBJC_IMPLEMENTATIONS = YES;
				CLANG_WARN_DIRECT_OBJC_ISA_USAGE = YES_ERROR;
				CLANG_WARN_DOCUMENTATION_COMMENTS = YES;
				CLANG_WARN_EMPTY_BODY = YES;
				CLANG_WARN_ENUM_CONVERSION = YES;
				CLANG_WARN_INFINITE_RECURSION = YES;
				CLANG_WARN_INT_CONVERSION = YES;
				CLANG_WARN_NON_LITERAL_NULL_CONVERSION = YES;
				CLANG_WARN_OBJC_IMPLICIT_RETAIN_SELF = YES;
				CLANG_WARN_OBJC_LITERAL_CONVERSION = YES;
				CLANG_WARN_OBJC_ROOT_CLASS = YES_ERROR;
				CLANG_WARN_QUOTED_INCLUDE_IN_FRAMEWORK_HEADER = YES;
				CLANG_WARN_RANGE_LOOP_ANALYSIS = YES;
				CLANG_WARN_STRICT_PROTOTYPES = YES;
				CLANG_WARN_SUSPICIOUS_MOVE = YES;
				CLANG_WARN_UNGUARDED_AVAILABILITY = YES_AGGRESSIVE;
				CLANG_WARN_UNREACHABLE_CODE = YES;
				CLANG_WARN__DUPLICATE_METHOD_MATCH = YES;
				COPY_PHASE_STRIP = NO;
				DEBUG_INFORMATION_FORMAT = "dwarf-with-dsym";
				ENABLE_NS_ASSERTIONS = NO;
				ENABLE_STRICT_OBJC_MSGSEND = YES;
				ENABLE_USER_SCRIPT_SANDBOXING = YES;
				GCC_C_LANGUAGE_STANDARD = gnu17;
				GCC_NO_COMMON_BLOCKS = YES;
				GCC_WARN_64_TO_32_BIT_CONVERSION = YES;
				GCC_WARN_ABOUT_RETURN_TYPE = YES_ERROR;
				GCC_WARN_UNDECLARED_SELECTOR = YES;
				GCC_WARN_UNINITIALIZED_AUTOS = YES_AGGRESSIVE;
				GCC_WARN_UNUSED_FUNCTION = YES;
				GCC_WARN_UNUSED_VARIABLE = YES;
				IPHONEOS_DEPLOYMENT_TARGET = 16.0;
				MTL_ENABLE_DEBUG_INFO = NO;
				MTL_FAST_MATH = YES;
				SDKROOT = iphoneos;
				SWIFT_COMPILATION_MODE = wholemodule;
				VALIDATE_PRODUCT = YES;
			};
			name = Release;
		};
		AF000020 /* Debug */ = {
			isa = XCBuildConfiguration;
			buildSettings = {
				ASSETCATALOG_COMPILER_APPICON_NAME = AppIcon;
				ASSETCATALOG_COMPILER_GLOBAL_ACCENT_COLOR_NAME = AccentColor;
				CODE_SIGN_ENTITLEMENTS = MissionControlCarPlay/MissionControlCarPlay.entitlements;
				CODE_SIGN_STYLE = Automatic;
				CURRENT_PROJECT_VERSION = 1;
				DEVELOPMENT_TEAM = "";
				GENERATE_INFOPLIST_FILE = NO;
				INFOPLIST_FILE = MissionControlCarPlay/Info.plist;
				INFOPLIST_KEY_CFBundleDisplayName = "Mission Control";
				INFOPLIST_KEY_UIApplicationSupportsIndirectInputEvents = YES;
				INFOPLIST_KEY_UILaunchStoryboardName = LaunchScreen;
				INFOPLIST_KEY_UISupportedInterfaceOrientations = UIInterfaceOrientationPortrait;
				LD_RUNPATH_SEARCH_PATHS = (
					"$(inherited)",
					"@executable_path/Frameworks",
				);
				MARKETING_VERSION = 1.0;
				PRODUCT_BUNDLE_IDENTIFIER = com.neg0.missioncontrol;
				PRODUCT_NAME = "$(TARGET_NAME)";
				SWIFT_EMIT_LOC_STRINGS = YES;
				SWIFT_VERSION = 5.0;
				TARGETED_DEVICE_FAMILY = 1;
			};
			name = Debug;
		};
		AF000021 /* Release */ = {
			isa = XCBuildConfiguration;
			buildSettings = {
				ASSETCATALOG_COMPILER_APPICON_NAME = AppIcon;
				ASSETCATALOG_COMPILER_GLOBAL_ACCENT_COLOR_NAME = AccentColor;
				CODE_SIGN_ENTITLEMENTS = MissionControlCarPlay/MissionControlCarPlay.entitlements;
				CODE_SIGN_STYLE = Automatic;
				CURRENT_PROJECT_VERSION = 1;
				DEVELOPMENT_TEAM = "";
				GENERATE_INFOPLIST_FILE = NO;
				INFOPLIST_FILE = MissionControlCarPlay/Info.plist;
				INFOPLIST_KEY_CFBundleDisplayName = "Mission Control";
				INFOPLIST_KEY_UIApplicationSupportsIndirectInputEvents = YES;
				INFOPLIST_KEY_UILaunchStoryboardName = LaunchScreen;
				INFOPLIST_KEY_UISupportedInterfaceOrientations = UIInterfaceOrientationPortrait;
				LD_RUNPATH_SEARCH_PATHS = (
					"$(inherited)",
					"@executable_path/Frameworks",
				);
				MARKETING_VERSION = 1.0;
				PRODUCT_BUNDLE_IDENTIFIER = com.neg0.missioncontrol;
				PRODUCT_NAME = "$(TARGET_NAME)";
				SWIFT_EMIT_LOC_STRINGS = YES;
				SWIFT_VERSION = 5.0;
				TARGETED_DEVICE_FAMILY = 1;
			};
			name = Release;
		};
/* End XCBuildConfiguration section */

/* Begin XCConfigurationList section */
		AF000001 /* Build configuration list for PBXProject "MissionControlCarPlay" */ = {
			isa = XCConfigurationList;
			buildConfigurations = (
				AF000010 /* Debug */,
				AF000011 /* Release */,
			);
			defaultConfigurationIsVisible = 0;
			defaultConfigurationName = Release;
		};
		AF000003 /* Build configuration list for PBXNativeTarget "MissionControlCarPlay" */ = {
			isa = XCConfigurationList;
			buildConfigurations = (
				AF000020 /* Debug */,
				AF000021 /* Release */,
			);
			defaultConfigurationIsVisible = 0;
			defaultConfigurationName = Release;
		};
/* End XCConfigurationList section */

	};
	rootObject = AE000000 /* Project object */;
}
